
Microsoft Visual Studio Solution File, Format Version 12.00
# Visual Studio Version 17
VisualStudioVersion = 17.9.34616.47
MinimumVisualStudioVersion = 10.0.40219.1
Project("{9A19103F-16F7-4668-BE54-9A1E7A4F7556}") = "BlazorMultiUser.Web", "BlazorMultiUser.Web\BlazorMultiUser.Web\BlazorMultiUser.Web.csproj", "{3A2CB4C9-F582-4DA8-98E2-DA6E5854B6CC}"
EndProject
Project("{9A19103F-16F7-4668-BE54-9A1E7A4F7556}") = "BlazorMultiUser.Web.Client", "BlazorMultiUser.Web\BlazorMultiUser.Web.Client\BlazorMultiUser.Web.Client.csproj", "{9AE83860-2BDD-4C0D-84A1-63DBB1AA1C7D}"
EndProject
Project("{2150E333-8FDC-42A3-9474-1A3956D46DE8}") = "DOCS", "DOCS", "{E224F72F-357A-45D0-ACE1-33E31084EBF8}"
	ProjectSection(SolutionItems) = preProject
		..\..\LICENSE = ..\..\LICENSE
		..\..\README.md = ..\..\README.md
	EndProjectSection
EndProject
Project("{9A19103F-16F7-4668-BE54-9A1E7A4F7556}") = "BlazorMultiUser.Shared", "BlazorMultiUser.Shared\BlazorMultiUser.Shared.csproj", "{58AF8155-4017-41FE-A00D-91BDDE6CD023}"
EndProject
Project("{9A19103F-16F7-4668-BE54-9A1E7A4F7556}") = "BlazorMultiUser.Tests.Unit", "BlazorMultiUser.Tests.Unit\BlazorMultiUser.Tests.Unit.csproj", "{7C8DDF82-6701-4248-9FA6-3801838F025A}"
EndProject
Global
	GlobalSection(SolutionConfigurationPlatforms) = preSolution
		Debug|Any CPU = Debug|Any CPU
		Release|Any CPU = Release|Any CPU
	EndGlobalSection
	GlobalSection(ProjectConfigurationPlatforms) = postSolution
		{3A2CB4C9-F582-4DA8-98E2-DA6E5854B6CC}.Debug|Any CPU.ActiveCfg = Debug|Any CPU
		{3A2CB4C9-F582-4DA8-98E2-DA6E5854B6CC}.Debug|Any CPU.Build.0 = Debug|Any CPU
		{3A2CB4C9-F582-4DA8-98E2-DA6E5854B6CC}.Release|Any CPU.ActiveCfg = Release|Any CPU
		{3A2CB4C9-F582-4DA8-98E2-DA6E5854B6CC}.Release|Any CPU.Build.0 = Release|Any CPU
		{9AE83860-2BDD-4C0D-84A1-63DBB1AA1C7D}.Debug|Any CPU.ActiveCfg = Debug|Any CPU
		{9AE83860-2BDD-4C0D-84A1-63DBB1AA1C7D}.Debug|Any CPU.Build.0 = Debug|Any CPU
		{9AE83860-2BDD-4C0D-84A1-63DBB1AA1C7D}.Release|Any CPU.ActiveCfg = Release|Any CPU
		{9AE83860-2BDD-4C0D-84A1-63DBB1AA1C7D}.Release|Any CPU.Build.0 = Release|Any CPU
		{58AF8155-4017-41FE-A00D-91BDDE6CD023}.Debug|Any CPU.ActiveCfg = Debug|Any CPU
		{58AF8155-4017-41FE-A00D-91BDDE6CD023}.Debug|Any CPU.Build.0 = Debug|Any CPU
		{58AF8155-4017-41FE-A00D-91BDDE6CD023}.Release|Any CPU.ActiveCfg = Release|Any CPU
		{58AF8155-4017-41FE-A00D-91BDDE6CD023}.Release|Any CPU.Build.0 = Release|Any CPU
		{7C8DDF82-6701-4248-9FA6-3801838F025A}.Debug|Any CPU.ActiveCfg = Debug|Any CPU
		{7C8DDF82-6701-4248-9FA6-3801838F025A}.Debug|Any CPU.Build.0 = Debug|Any CPU
		{7C8DDF82-6701-4248-9FA6-3801838F025A}.Release|Any CPU.ActiveCfg = Release|Any CPU
		{7C8DDF82-6701-4248-9FA6-3801838F025A}.Release|Any CPU.Build.0 = Release|Any CPU
	EndGlobalSection
	GlobalSection(SolutionProperties) = preSolution
		HideSolutionNode = FALSE
	EndGlobalSection
	GlobalSection(ExtensibilityGlobals) = postSolution
		SolutionGuid = {52B329F1-E24C-4071-9D0B-CFE62120EDDF}
	EndGlobalSection
EndGlobal
